
Microsoft Visual Studio Solution File, Format Version 12.00
# Visual Studio Version 17
VisualStudioVersion = 17.4.33403.182
MinimumVisualStudioVersion = 10.0.40219.1
Project("{9A19103F-16F7-4668-BE54-9A1E7A4F7556}") = "BatailleNaval", "BatailleNaval.csproj", "{956C4175-BD92-4FEF-9248-E1092A6D1739}"
EndProject
Global
	GlobalSection(SolutionConfigurationPlatforms) = preSolution
		Debug|Any CPU = Debug|Any CPU
		Release|Any CPU = Release|Any CPU
	EndGlobalSection
	GlobalSection(ProjectConfigurationPlatforms) = postSolution
		{956C4175-BD92-4FEF-9248-E1092A6D1739}.Debug|Any CPU.ActiveCfg = Debug|Any CPU
		{956C4175-BD92-4FEF-9248-E1092A6D1739}.Debug|Any CPU.Build.0 = Debug|Any CPU
		{956C4175-BD92-4FEF-9248-E1092A6D1739}.Release|Any CPU.ActiveCfg = Release|Any CPU
		{956C4175-BD92-4FEF-9248-E1092A6D1739}.Release|Any CPU.Build.0 = Release|Any CPU
	EndGlobalSection
	GlobalSection(SolutionProperties) = preSolution
		HideSolutionNode = FALSE
	EndGlobalSection
	GlobalSection(ExtensibilityGlobals) = postSolution
		SolutionGuid = {0687BCEB-A688-493F-AF79-AD3A1BE23ADC}
	EndGlobalSection
EndGlobal
